
Microsoft Visual Studio Solution File, Format Version 12.00
# Visual Studio Version 17
VisualStudioVersion = 17.14.36414.22 d17.14
MinimumVisualStudioVersion = 10.0.40219.1
Project("{FAE04EC0-301F-11D3-BF4B-00C04F79EFBC}") = "SleepingQueensTogether", "SleepingQueensTogether\SleepingQueensTogether.csproj", "{77A19B6A-D11D-4FAC-B5F0-C08647684DAF}"
EndProject
Global
	GlobalSection(SolutionConfigurationPlatforms) = preSolution
		Debug|Any CPU = Debug|Any CPU
		Release|Any CPU = Release|Any CPU
	EndGlobalSection
	GlobalSection(ProjectConfigurationPlatforms) = postSolution
		{77A19B6A-D11D-4FAC-B5F0-C08647684DAF}.Debug|Any CPU.ActiveCfg = Debug|Any CPU
		{77A19B6A-D11D-4FAC-B5F0-C08647684DAF}.Debug|Any CPU.Build.0 = Debug|Any CPU
		{77A19B6A-D11D-4FAC-B5F0-C08647684DAF}.Debug|Any CPU.Deploy.0 = Debug|Any CPU
		{77A19B6A-D11D-4FAC-B5F0-C08647684DAF}.Release|Any CPU.ActiveCfg = Release|Any CPU
		{77A19B6A-D11D-4FAC-B5F0-C08647684DAF}.Release|Any CPU.Build.0 = Release|Any CPU
		{77A19B6A-D11D-4FAC-B5F0-C08647684DAF}.Release|Any CPU.Deploy.0 = Release|Any CPU
	EndGlobalSection
	GlobalSection(SolutionProperties) = preSolution
		HideSolutionNode = FALSE
	EndGlobalSection
	GlobalSection(ExtensibilityGlobals) = postSolution
		SolutionGuid = {16C79E8A-79C2-47A9-B543-E3964A361A73}
	EndGlobalSection
EndGlobal
